<?xml version="1.0" encoding="UTF-8" standalone="yes" ?>
<CodeBlocks_project_file>
	<FileVersion major="1" minor="6" />
	<Project>
		<Option title="1" />
		<Option pch_mode="2" />
		<Option compiler="gcc" />
		<Build>
			<Target title="Debug">
				<Option output="bin/Debug/1" prefix_auto="1" extension_auto="1" />
				<Option object_output="obj/Debug/" />
				<Option type="1" />
				<Option compiler="gcc" />
				<Compiler>
					<Add option="-g" />
				</Compiler>
			</Target>
			<Target title="Release">
				<Option output="bin/Release/1" prefix_auto="1" extension_auto="1" />
				<Option object_output="obj/Release/" />
				<Option type="1" />
				<Option compiler="gcc" />
				<Compiler>
					<Add option="-O2" />
				</Compiler>
				<Linker>
					<Add option="-s" />
				</Linker>
			</Target>
		</Build>
		<Compiler>
			<Add option="-Wall" />
		</Compiler>
		<Unit filename="../../eda/event.h" />
		<Unit filename="../../eda/event_behavior.c">
			<Option compilerVar="CC" />
		</Unit>
		<Unit filename="../../eda/event_thead.c">
			<Option compilerVar="CC" />
		</Unit>
		<Unit filename="../../eda/graham-pt.h" />
		<Unit filename="../../eda/lc-addrlabels.h" />
		<Unit filename="../../eda/lc-switch.h" />
		<Unit filename="../../eda/lc.h" />
		<Unit filename="../../eda/main.c">
			<Option compilerVar="CC" />
		</Unit>
		<Unit filename="../../eda/pt-sem.h" />
		<Unit filename="../../eda/pt.h" />
		<Unit filename="../../eda/queue.c">
			<Option compilerVar="CC" />
		</Unit>
		<Unit filename="../../eda/queue.h" />
		<Extensions>
			<code_completion />
			<envvars />
			<debugger />
		</Extensions>
	</Project>
</CodeBlocks_project_file>
